
Microsoft Visual Studio Solution File, Format Version 12.00
# Visual Studio Version 16
VisualStudioVersion = 16.0.32106.194
MinimumVisualStudioVersion = 10.0.40219.1
Project("{FAE04EC0-301F-11D3-BF4B-00C04F79EFBC}") = "WPF.Task18", "WPF.Task18\WPF.Task18.csproj", "{93EDAA45-1885-4512-9717-28CA315DC736}"
EndProject
Global
	GlobalSection(SolutionConfigurationPlatforms) = preSolution
		Debug|Any CPU = Debug|Any CPU
		Release|Any CPU = Release|Any CPU
	EndGlobalSection
	GlobalSection(ProjectConfigurationPlatforms) = postSolution
		{93EDAA45-1885-4512-9717-28CA315DC736}.Debug|Any CPU.ActiveCfg = Debug|Any CPU
		{93EDAA45-1885-4512-9717-28CA315DC736}.Debug|Any CPU.Build.0 = Debug|Any CPU
		{93EDAA45-1885-4512-9717-28CA315DC736}.Release|Any CPU.ActiveCfg = Release|Any CPU
		{93EDAA45-1885-4512-9717-28CA315DC736}.Release|Any CPU.Build.0 = Release|Any CPU
	EndGlobalSection
	GlobalSection(SolutionProperties) = preSolution
		HideSolutionNode = FALSE
	EndGlobalSection
	GlobalSection(ExtensibilityGlobals) = postSolution
		SolutionGuid = {04388D74-EE7F-47AD-8D91-6193AA108288}
	EndGlobalSection
EndGlobal
